// !$*UTF8*$!
{
	archiveVersion = 1;
	classes = {
	};
	objectVersion = 50;
	objects = {

/* Begin PBXBuildFile section */
		04E23AA4245B23AE00B531BA /* AppDelegate.swift in Sources */ = {isa = PBXBuildFile; fileRef = 04E23AA3245B23AE00B531BA /* AppDelegate.swift */; };
		04E23AA6245B23AE00B531BA /* SceneDelegate.swift in Sources */ = {isa = PBXBuildFile; fileRef = 04E23AA5245B23AE00B531BA /* SceneDelegate.swift */; };
		04E23AA8245B23AE00B531BA /* ViewController.swift in Sources */ = {isa = PBXBuildFile; fileRef = 04E23AA7245B23AE00B531BA /* ViewController.swift */; };
		04E23AAB245B23AE00B531BA /* Main.storyboard in Resources */ = {isa = PBXBuildFile; fileRef = 04E23AA9245B23AE00B531BA /* Main.storyboard */; };
		04E23AAD245B23B500B531BA /* Assets.xcassets in Resources */ = {isa = PBXBuildFile; fileRef = 04E23AAC245B23B500B531BA /* Assets.xcassets */; };
		04E23AB0245B23B500B531BA /* LaunchScreen.storyboard in Resources */ = {isa = PBXBuildFile; fileRef = 04E23AAE245B23B500B531BA /* LaunchScreen.storyboard */; };
		04E23AC7245B263D00B531BA /* Plant.swift in Sources */ = {isa = PBXBuildFile; fileRef = 04E23AC6245B263D00B531BA /* Plant.swift */; };
		04E23AC9245B266600B531BA /* DataPlant.swift in Sources */ = {isa = PBXBuildFile; fileRef = 04E23AC8245B266600B531BA /* DataPlant.swift */; };
/* End PBXBuildFile section */

/* Begin PBXFileReference section */
		04E23AA0245B23AE00B531BA /* TanamanObat.app */ = {isa = PBXFileReference; explicitFileType = wrapper.application; includeInIndex = 0; path = TanamanObat.app; sourceTree = BUILT_PRODUCTS_DIR; };
		04E23AA3245B23AE00B531BA /* AppDelegate.swift */ = {isa = PBXFileReference; lastKnownFileType = sourcecode.swift; path = AppDelegate.swift; sourceTree = "<group>"; };
		04E23AA5245B23AE00B531BA /* SceneDelegate.swift */ = {isa = PBXFileReference; lastKnownFileType = sourcecode.swift; path = SceneDelegate.swift; sourceTree = "<group>"; };
		04E23AA7245B23AE00B531BA /* ViewController.swift */ = {isa = PBXFileReference; lastKnownFileType = sourcecode.swift; path = ViewController.swift; sourceTree = "<group>"; };
		04E23AAA245B23AE00B531BA /* Base */ = {isa = PBXFileReference; lastKnownFileType = file.storyboard; name = Base; path = Base.lproj/Main.storyboard; sourceTree = "<group>"; };
		04E23AAC245B23B500B531BA /* Assets.xcassets */ = {isa = PBXFileReference; lastKnownFileType = folder.assetcatalog; path = Assets.xcassets; sourceTree = "<group>"; };
		04E23AAF245B23B500B531BA /* Base */ = {isa = PBXFileReference; lastKnownFileType = file.storyboard; name = Base; path = Base.lproj/LaunchScreen.storyboard; sourceTree = "<group>"; };
		04E23AB1245B23B500B531BA /* Info.plist */ = {isa = PBXFileReference; lastKnownFileType = text.plist.xml; path = Info.plist; sourceTree = "<group>"; };
		04E23AC6245B263D00B531BA /* Plant.swift */ = {isa = PBXFileReference; lastKnownFileType = sourcecode.swift; path = Plant.swift; sourceTree = "<group>"; };
		04E23AC8245B266600B531BA /* DataPlant.swift */ = {isa = PBXFileReference; lastKnownFileType = sourcecode.swift; path = DataPlant.swift; sourceTree = "<group>"; };
/* End PBXFileReference section */

/* Begin PBXFrameworksBuildPhase section */
		04E23A9D245B23AE00B531BA /* Frameworks */ = {
			isa = PBXFrameworksBuildPhase;
			buildActionMask = 2147483647;
			files = (
			);
			runOnlyForDeploymentPostprocessing = 0;
		};
/* End PBXFrameworksBuildPhase section */

/* Begin PBXGroup section */
		04E23A97245B23AE00B531BA = {
			isa = PBXGroup;
			children = (
				04E23AA2245B23AE00B531BA /* TanamanObat */,
				04E23AA1245B23AE00B531BA /* Products */,
			);
			sourceTree = "<group>";
		};
		04E23AA1245B23AE00B531BA /* Products */ = {
			isa = PBXGroup;
			children = (
				04E23AA0245B23AE00B531BA /* TanamanObat.app */,
			);
			name = Products;
			sourceTree = "<group>";
		};
		04E23AA2245B23AE00B531BA /* TanamanObat */ = {
			isa = PBXGroup;
			children = (
				04E23AC5245B263000B531BA /* Model */,
				04E23ABA245B23EE00B531BA /* Base */,
				04E23AB9245B23E000B531BA /* Controller */,
				04E23AB8245B23D900B531BA /* View */,
				04E23AAC245B23B500B531BA /* Assets.xcassets */,
				04E23AB1245B23B500B531BA /* Info.plist */,
			);
			path = TanamanObat;
			sourceTree = "<group>";
		};
		04E23AB8245B23D900B531BA /* View */ = {
			isa = PBXGroup;
			children = (
				04E23AAE245B23B500B531BA /* LaunchScreen.storyboard */,
				04E23AA9245B23AE00B531BA /* Main.storyboard */,
			);
			path = View;
			sourceTree = "<group>";
		};
		04E23AB9245B23E000B531BA /* Controller */ = {
			isa = PBXGroup;
			children = (
				04E23AA7245B23AE00B531BA /* ViewController.swift */,
			);
			path = Controller;
			sourceTree = "<group>";
		};
		04E23ABA245B23EE00B531BA /* Base */ = {
			isa = PBXGroup;
			children = (
				04E23AA5245B23AE00B531BA /* SceneDelegate.swift */,
				04E23AA3245B23AE00B531BA /* AppDelegate.swift */,
			);
			path = Base;
			sourceTree = "<group>";
		};
		04E23AC5245B263000B531BA /* Model */ = {
			isa = PBXGroup;
			children = (
				04E23AC6245B263D00B531BA /* Plant.swift */,
				04E23AC8245B266600B531BA /* DataPlant.swift */,
			);
			path = Model;
			sourceTree = "<group>";
		};
/* End PBXGroup section */

/* Begin PBXNativeTarget section */
		04E23A9F245B23AE00B531BA /* TanamanObat */ = {
			isa = PBXNativeTarget;
			buildConfigurationList = 04E23AB4245B23B500B531BA /* Build configuration list for PBXNativeTarget "TanamanObat" */;
			buildPhases = (
				04E23A9C245B23AE00B531BA /* Sources */,
				04E23A9D245B23AE00B531BA /* Frameworks */,
				04E23A9E245B23AE00B531BA /* Resources */,
			);
			buildRules = (
			);
			dependencies = (
			);
			name = TanamanObat;
			productName = TanamanObat;
			productReference = 04E23AA0245B23AE00B531BA /* TanamanObat.app */;
			productType = "com.apple.product-type.application";
		};
/* End PBXNativeTarget section */

/* Begin PBXProject section */
		04E23A98245B23AE00B531BA /* Project object */ = {
			isa = PBXProject;
			attributes = {
				LastSwiftUpdateCheck = 1130;
				LastUpgradeCheck = 1130;
				ORGANIZATIONNAME = zidniryi;
				TargetAttributes = {
					04E23A9F245B23AE00B531BA = {
						CreatedOnToolsVersion = 11.3.1;
					};
				};
			};
			buildConfigurationList = 04E23A9B245B23AE00B531BA /* Build configuration list for PBXProject "TanamanObat" */;
			compatibilityVersion = "Xcode 9.3";
			developmentRegion = en;
			hasScannedForEncodings = 0;
			knownRegions = (
				en,
				Base,
			);
			mainGroup = 04E23A97245B23AE00B531BA;
			productRefGroup = 04E23AA1245B23AE00B531BA /* Products */;
			projectDirPath = "";
			projectRoot = "";
			targets = (
				04E23A9F245B23AE00B531BA /* TanamanObat */,
			);
		};
/* End PBXProject section */

/* Begin PBXResourcesBuildPhase section */
		04E23A9E245B23AE00B531BA /* Resources */ = {
			isa = PBXResourcesBuildPhase;
			buildActionMask = 2147483647;
			files = (
				04E23AB0245B23B500B531BA /* LaunchScreen.storyboard in Resources */,
				04E23AAD245B23B500B531BA /* Assets.xcassets in Resources */,
				04E23AAB245B23AE00B531BA /* Main.storyboard in Resources */,
			);
			runOnlyForDeploymentPostprocessing = 0;
		};
/* End PBXResourcesBuildPhase section */

/* Begin PBXSourcesBuildPhase section */
		04E23A9C245B23AE00B531BA /* Sources */ = {
			isa = PBXSourcesBuildPhase;
			buildActionMask = 2147483647;
			files = (
				04E23AA8245B23AE00B531BA /* ViewController.swift in Sources */,
				04E23AC9245B266600B531BA /* DataPlant.swift in Sources */,
				04E23AC7245B263D00B531BA /* Plant.swift in Sources */,
				04E23AA4245B23AE00B531BA /* AppDelegate.swift in Sources */,
				04E23AA6245B23AE00B531BA /* SceneDelegate.swift in Sources */,
			);
			runOnlyForDeploymentPostprocessing = 0;
		};
/* End PBXSourcesBuildPhase section */

/* Begin PBXVariantGroup section */
		04E23AA9245B23AE00B531BA /* Main.storyboard */ = {
			isa = PBXVariantGroup;
			children = (
				04E23AAA245B23AE00B531BA /* Base */,
			);
			name = Main.storyboard;
			sourceTree = "<group>";
		};
		04E23AAE245B23B500B531BA /* LaunchScreen.storyboard */ = {
			isa = PBXVariantGroup;
			children = (
				04E23AAF245B23B500B531BA /* Base */,
			);
			name = LaunchScreen.storyboard;
			sourceTree = "<group>";
		};
/* End PBXVariantGroup section */

/* Begin XCBuildConfiguration section */
		04E23AB2245B23B500B531BA /* Debug */ = {
			isa = XCBuildConfiguration;
			buildSettings = {
				ALWAYS_SEARCH_USER_PATHS = NO;
				CLANG_ANALYZER_NONNULL = YES;
				CLANG_ANALYZER_NUMBER_OBJECT_CONVERSION = YES_AGGRESSIVE;
				CLANG_CXX_LANGUAGE_STANDARD = "gnu++14";
				CLANG_CXX_LIBRARY = "libc++";
				CLANG_ENABLE_MODULES = YES;
				CLANG_ENABLE_OBJC_ARC = YES;
				CLANG_ENABLE_OBJC_WEAK = YES;
				CLANG_WARN_BLOCK_CAPTURE_AUTORELEASING = YES;
				CLANG_WARN_BOOL_CONVERSION = YES;
				CLANG_WARN_COMMA = YES;
				CLANG_WARN_CONSTANT_CONVERSION = YES;
				CLANG_WARN_DEPRECATED_OBJC_IMPLEMENTATIONS = YES;
				CLANG_WARN_DIRECT_OBJC_ISA_USAGE = YES_ERROR;
				CLANG_WARN_DOCUMENTATION_COMMENTS = YES;
				CLANG_WARN_EMPTY_BODY = YES;
				CLANG_WARN_ENUM_CONVERSION = YES;
				CLANG_WARN_INFINITE_RECURSION = YES;
				CLANG_WARN_INT_CONVERSION = YES;
				CLANG_WARN_NON_LITERAL_NULL_CONVERSION = YES;
				CLANG_WARN_OBJC_IMPLICIT_RETAIN_SELF = YES;
				CLANG_WARN_OBJC_LITERAL_CONVERSION = YES;
				CLANG_WARN_OBJC_ROOT_CLASS = YES_ERROR;
				CLANG_WARN_RANGE_LOOP_ANALYSIS = YES;
				CLANG_WARN_STRICT_PROTOTYPES = YES;
				CLANG_WARN_SUSPICIOUS_MOVE = YES;
				CLANG_WARN_UNGUARDED_AVAILABILITY = YES_AGGRESSIVE;
				CLANG_WARN_UNREACHABLE_CODE = YES;
				CLANG_WARN__DUPLICATE_METHOD_MATCH = YES;
				COPY_PHASE_STRIP = NO;
				DEBUG_INFORMATION_FORMAT = dwarf;
				ENABLE_STRICT_OBJC_MSGSEND = YES;
				ENABLE_TESTABILITY = YES;
				GCC_C_LANGUAGE_STANDARD = gnu11;
				GCC_DYNAMIC_NO_PIC = NO;
				GCC_NO_COMMON_BLOCKS = YES;
				GCC_OPTIMIZATION_LEVEL = 0;
				GCC_PREPROCESSOR_DEFINITIONS = (
					"DEBUG=1",
					"$(inherited)",
				);
				GCC_WARN_64_TO_32_BIT_CONVERSION = YES;
				GCC_WARN_ABOUT_RETURN_TYPE = YES_ERROR;
				GCC_WARN_UNDECLARED_SELECTOR = YES;
				GCC_WARN_UNINITIALIZED_AUTOS = YES_AGGRESSIVE;
				GCC_WARN_UNUSED_FUNCTION = YES;
				GCC_WARN_UNUSED_VARIABLE = YES;
				IPHONEOS_DEPLOYMENT_TARGET = 13.2;
				MTL_ENABLE_DEBUG_INFO = INCLUDE_SOURCE;
				MTL_FAST_MATH = YES;
				ONLY_ACTIVE_ARCH = YES;
				SDKROOT = iphoneos;
				SWIFT_ACTIVE_COMPILATION_CONDITIONS = DEBUG;
				SWIFT_OPTIMIZATION_LEVEL = "-Onone";
			};
			name = Debug;
		};
		04E23AB3245B23B500B531BA /* Release */ = {
			isa = XCBuildConfiguration;
			buildSettings = {
				ALWAYS_SEARCH_USER_PATHS = NO;
				CLANG_ANALYZER_NONNULL = YES;
				CLANG_ANALYZER_NUMBER_OBJECT_CONVERSION = YES_AGGRESSIVE;
				CLANG_CXX_LANGUAGE_STANDARD = "gnu++14";
				CLANG_CXX_LIBRARY = "libc++";
				CLANG_ENABLE_MODULES = YES;
				CLANG_ENABLE_OBJC_ARC = YES;
				CLANG_ENABLE_OBJC_WEAK = YES;
				CLANG_WARN_BLOCK_CAPTURE_AUTORELEASING = YES;
				CLANG_WARN_BOOL_CONVERSION = YES;
				CLANG_WARN_COMMA = YES;
				CLANG_WARN_CONSTANT_CONVERSION = YES;
				CLANG_WARN_DEPRECATED_OBJC_IMPLEMENTATIONS = YES;
				CLANG_WARN_DIRECT_OBJC_ISA_USAGE = YES_ERROR;
				CLANG_WARN_DOCUMENTATION_COMMENTS = YES;
				CLANG_WARN_EMPTY_BODY = YES;
				CLANG_WARN_ENUM_CONVERSION = YES;
				CLANG_WARN_INFINITE_RECURSION = YES;
				CLANG_WARN_INT_CONVERSION = YES;
				CLANG_WARN_NON_LITERAL_NULL_CONVERSION = YES;
				CLANG_WARN_OBJC_IMPLICIT_RETAIN_SELF = YES;
				CLANG_WARN_OBJC_LITERAL_CONVERSION = YES;
				CLANG_WARN_OBJC_ROOT_CLASS = YES_ERROR;
				CLANG_WARN_RANGE_LOOP_ANALYSIS = YES;
				CLANG_WARN_STRICT_PROTOTYPES = YES;
				CLANG_WARN_SUSPICIOUS_MOVE = YES;
				CLANG_WARN_UNGUARDED_AVAILABILITY = YES_AGGRESSIVE;
				CLANG_WARN_UNREACHABLE_CODE = YES;
				CLANG_WARN__DUPLICATE_METHOD_MATCH = YES;
				COPY_PHASE_STRIP = NO;
				DEBUG_INFORMATION_FORMAT = "dwarf-with-dsym";
				ENABLE_NS_ASSERTIONS = NO;
				ENABLE_STRICT_OBJC_MSGSEND = YES;
				GCC_C_LANGUAGE_STANDARD = gnu11;
				GCC_NO_COMMON_BLOCKS = YES;
				GCC_WARN_64_TO_32_BIT_CONVERSION = YES;
				GCC_WARN_ABOUT_RETURN_TYPE = YES_ERROR;
				GCC_WARN_UNDECLARED_SELECTOR = YES;
				GCC_WARN_UNINITIALIZED_AUTOS = YES_AGGRESSIVE;
				GCC_WARN_UNUSED_FUNCTION = YES;
				GCC_WARN_UNUSED_VARIABLE = YES;
				IPHONEOS_DEPLOYMENT_TARGET = 13.2;
				MTL_ENABLE_DEBUG_INFO = NO;
				MTL_FAST_MATH = YES;
				SDKROOT = iphoneos;
				SWIFT_COMPILATION_MODE = wholemodule;
				SWIFT_OPTIMIZATION_LEVEL = "-O";
				VALIDATE_PRODUCT = YES;
			};
			name = Release;
		};
		04E23AB5245B23B500B531BA /* Debug */ = {
			isa = XCBuildConfiguration;
			buildSettings = {
				ASSETCATALOG_COMPILER_APPICON_NAME = AppIcon;
				CODE_SIGN_STYLE = Automatic;
				INFOPLIST_FILE = TanamanObat/Info.plist;
				LD_RUNPATH_SEARCH_PATHS = (
					"$(inherited)",
					"@executable_path/Frameworks",
				);
				PRODUCT_BUNDLE_IDENTIFIER = com.zidniryi.TanamanObat;
				PRODUCT_NAME = "$(TARGET_NAME)";
				SWIFT_VERSION = 5.0;
				TARGETED_DEVICE_FAMILY = "1,2";
			};
			name = Debug;
		};
		04E23AB6245B23B500B531BA /* Release */ = {
			isa = XCBuildConfiguration;
			buildSettings = {
				ASSETCATALOG_COMPILER_APPICON_NAME = AppIcon;
				CODE_SIGN_STYLE = Automatic;
				INFOPLIST_FILE = TanamanObat/Info.plist;
				LD_RUNPATH_SEARCH_PATHS = (
					"$(inherited)",
					"@executable_path/Frameworks",
				);
				PRODUCT_BUNDLE_IDENTIFIER = com.zidniryi.TanamanObat;
				PRODUCT_NAME = "$(TARGET_NAME)";
				SWIFT_VERSION = 5.0;
				TARGETED_DEVICE_FAMILY = "1,2";
			};
			name = Release;
		};
/* End XCBuildConfiguration section */

/* Begin XCConfigurationList section */
		04E23A9B245B23AE00B531BA /* Build configuration list for PBXProject "TanamanObat" */ = {
			isa = XCConfigurationList;
			buildConfigurations = (
				04E23AB2245B23B500B531BA /* Debug */,
				04E23AB3245B23B500B531BA /* Release */,
			);
			defaultConfigurationIsVisible = 0;
			defaultConfigurationName = Release;
		};
		04E23AB4245B23B500B531BA /* Build configuration list for PBXNativeTarget "TanamanObat" */ = {
			isa = XCConfigurationList;
			buildConfigurations = (
				04E23AB5245B23B500B531BA /* Debug */,
				04E23AB6245B23B500B531BA /* Release */,
			);
			defaultConfigurationIsVisible = 0;
			defaultConfigurationName = Release;
		};
/* End XCConfigurationList section */
	};
	rootObject = 04E23A98245B23AE00B531BA /* Project object */;
}
